
Microsoft Visual Studio Solution File, Format Version 12.00
# Visual Studio 15
VisualStudioVersion = 15.0.26228.9
MinimumVisualStudioVersion = 10.0.40219.1
Project("{FAE04EC0-301F-11D3-BF4B-00C04F79EFBC}") = "IPM.Android", "IPM\IPM.Android\IPM.Android.csproj", "{EA5BFB0F-472B-455B-90EF-0FCC7A5A169C}"
EndProject
Project("{FAE04EC0-301F-11D3-BF4B-00C04F79EFBC}") = "IPM", "IPM\IPM\IPM.csproj", "{24FDD71D-A118-4EF1-B1E7-CB8CA5C4B8EB}"
EndProject
Project("{FAE04EC0-301F-11D3-BF4B-00C04F79EFBC}") = "IPM.UWP", "IPM\IPM.UWP\IPM.UWP.csproj", "{3F61C858-A32A-4C05-AFEA-824808A212AA}"
EndProject
Project("{FAE04EC0-301F-11D3-BF4B-00C04F79EFBC}") = "IPM.iOS", "IPM\IPM.iOS\IPM.iOS.csproj", "{6763A5F7-3A56-4389-A6C8-DB0F33E1E72E}"
EndProject
Global
	GlobalSection(SolutionConfigurationPlatforms) = preSolution
		Ad-Hoc|Any CPU = Ad-Hoc|Any CPU
		Ad-Hoc|ARM = Ad-Hoc|ARM
		Ad-Hoc|iPhone = Ad-Hoc|iPhone
		Ad-Hoc|iPhoneSimulator = Ad-Hoc|iPhoneSimulator
		Ad-Hoc|x64 = Ad-Hoc|x64
		Ad-Hoc|x86 = Ad-Hoc|x86
		AppStore|Any CPU = AppStore|Any CPU
		AppStore|ARM = AppStore|ARM
		AppStore|iPhone = AppStore|iPhone
		AppStore|iPhoneSimulator = AppStore|iPhoneSimulator
		AppStore|x64 = AppStore|x64
		AppStore|x86 = AppStore|x86
		Debug|Any CPU = Debug|Any CPU
		Debug|ARM = Debug|ARM
		Debug|iPhone = Debug|iPhone
		Debug|iPhoneSimulator = Debug|iPhoneSimulator
		Debug|x64 = Debug|x64
		Debug|x86 = Debug|x86
		Release|Any CPU = Release|Any CPU
		Release|ARM = Release|ARM
		Release|iPhone = Release|iPhone
		Release|iPhoneSimulator = Release|iPhoneSimulator
		Release|x64 = Release|x64
		Release|x86 = Release|x86
	EndGlobalSection
	GlobalSection(ProjectConfigurationPlatforms) = postSolution
		{EA5BFB0F-472B-455B-90EF-0FCC7A5A169C}.Ad-Hoc|Any CPU.ActiveCfg = Release|Any CPU
		{EA5BFB0F-472B-455B-90EF-0FCC7A5A169C}.Ad-Hoc|Any CPU.Build.0 = Release|Any CPU
		{EA5BFB0F-472B-455B-90EF-0FCC7A5A169C}.Ad-Hoc|Any CPU.Deploy.0 = Release|Any CPU
		{EA5BFB0F-472B-455B-90EF-0FCC7A5A169C}.Ad-Hoc|ARM.ActiveCfg = Release|Any CPU
		{EA5BFB0F-472B-455B-90EF-0FCC7A5A169C}.Ad-Hoc|ARM.Build.0 = Release|Any CPU
		{EA5BFB0F-472B-455B-90EF-0FCC7A5A169C}.Ad-Hoc|ARM.Deploy.0 = Release|Any CPU
		{EA5BFB0F-472B-455B-90EF-0FCC7A5A169C}.Ad-Hoc|iPhone.ActiveCfg = Release|Any CPU
		{EA5BFB0F-472B-455B-90EF-0FCC7A5A169C}.Ad-Hoc|iPhone.Build.0 = Release|Any CPU
		{EA5BFB0F-472B-455B-90EF-0FCC7A5A169C}.Ad-Hoc|iPhone.Deploy.0 = Release|Any CPU
		{EA5BFB0F-472B-455B-90EF-0FCC7A5A169C}.Ad-Hoc|iPhoneSimulator.ActiveCfg = Release|Any CPU
		{EA5BFB0F-472B-455B-90EF-0FCC7A5A169C}.Ad-Hoc|iPhoneSimulator.Build.0 = Release|Any CPU
		{EA5BFB0F-472B-455B-90EF-0FCC7A5A169C}.Ad-Hoc|iPhoneSimulator.Deploy.0 = Release|Any CPU
		{EA5BFB0F-472B-455B-90EF-0FCC7A5A169C}.Ad-Hoc|x64.ActiveCfg = Release|Any CPU
		{EA5BFB0F-472B-455B-90EF-0FCC7A5A169C}.Ad-Hoc|x64.Build.0 = Release|Any CPU
		{EA5BFB0F-472B-455B-90EF-0FCC7A5A169C}.Ad-Hoc|x64.Deploy.0 = Release|Any CPU
		{EA5BFB0F-472B-455B-90EF-0FCC7A5A169C}.Ad-Hoc|x86.ActiveCfg = Release|Any CPU
		{EA5BFB0F-472B-455B-90EF-0FCC7A5A169C}.Ad-Hoc|x86.Build.0 = Release|Any CPU
		{EA5BFB0F-472B-455B-90EF-0FCC7A5A169C}.Ad-Hoc|x86.Deploy.0 = Release|Any CPU
		{EA5BFB0F-472B-455B-90EF-0FCC7A5A169C}.AppStore|Any CPU.ActiveCfg = Release|Any CPU
		{EA5BFB0F-472B-455B-90EF-0FCC7A5A169C}.AppStore|Any CPU.Build.0 = Release|Any CPU
		{EA5BFB0F-472B-455B-90EF-0FCC7A5A169C}.AppStore|Any CPU.Deploy.0 = Release|Any CPU
		{EA5BFB0F-472B-455B-90EF-0FCC7A5A169C}.AppStore|ARM.ActiveCfg = Release|Any CPU
		{EA5BFB0F-472B-455B-90EF-0FCC7A5A169C}.AppStore|ARM.Build.0 = Release|Any CPU
		{EA5BFB0F-472B-455B-90EF-0FCC7A5A169C}.AppStore|ARM.Deploy.0 = Release|Any CPU
		{EA5BFB0F-472B-455B-90EF-0FCC7A5A169C}.AppStore|iPhone.ActiveCfg = Release|Any CPU
		{EA5BFB0F-472B-455B-90EF-0FCC7A5A169C}.AppStore|iPhone.Build.0 = Release|Any CPU
		{EA5BFB0F-472B-455B-90EF-0FCC7A5A169C}.AppStore|iPhone.Deploy.0 = Release|Any CPU
		{EA5BFB0F-472B-455B-90EF-0FCC7A5A169C}.AppStore|iPhoneSimulator.ActiveCfg = Release|Any CPU
		{EA5BFB0F-472B-455B-90EF-0FCC7A5A169C}.AppStore|iPhoneSimulator.Build.0 = Release|Any CPU
		{EA5BFB0F-472B-455B-90EF-0FCC7A5A169C}.AppStore|iPhoneSimulator.Deploy.0 = Release|Any CPU
		{EA5BFB0F-472B-455B-90EF-0FCC7A5A169C}.AppStore|x64.ActiveCfg = Release|Any CPU
		{EA5BFB0F-472B-455B-90EF-0FCC7A5A169C}.AppStore|x64.Build.0 = Release|Any CPU
		{EA5BFB0F-472B-455B-90EF-0FCC7A5A169C}.AppStore|x64.Deploy.0 = Release|Any CPU
		{EA5BFB0F-472B-455B-90EF-0FCC7A5A169C}.AppStore|x86.ActiveCfg = Release|Any CPU
		{EA5BFB0F-472B-455B-90EF-0FCC7A5A169C}.AppStore|x86.Build.0 = Release|Any CPU
		{EA5BFB0F-472B-455B-90EF-0FCC7A5A169C}.AppStore|x86.Deploy.0 = Release|Any CPU
		{EA5BFB0F-472B-455B-90EF-0FCC7A5A169C}.Debug|Any CPU.ActiveCfg = Debug|Any CPU
		{EA5BFB0F-472B-455B-90EF-0FCC7A5A169C}.Debug|Any CPU.Build.0 = Debug|Any CPU
		{EA5BFB0F-472B-455B-90EF-0FCC7A5A169C}.Debug|Any CPU.Deploy.0 = Debug|Any CPU
		{EA5BFB0F-472B-455B-90EF-0FCC7A5A169C}.Debug|ARM.ActiveCfg = Debug|Any CPU
		{EA5BFB0F-472B-455B-90EF-0FCC7A5A169C}.Debug|ARM.Build.0 = Debug|Any CPU
		{EA5BFB0F-472B-455B-90EF-0FCC7A5A169C}.Debug|ARM.Deploy.0 = Debug|Any CPU
		{EA5BFB0F-472B-455B-90EF-0FCC7A5A169C}.Debug|iPhone.ActiveCfg = Debug|Any CPU
		{EA5BFB0F-472B-455B-90EF-0FCC7A5A169C}.Debug|iPhone.Build.0 = Debug|Any CPU
		{EA5BFB0F-472B-455B-90EF-0FCC7A5A169C}.Debug|iPhone.Deploy.0 = Debug|Any CPU
		{EA5BFB0F-472B-455B-90EF-0FCC7A5A169C}.Debug|iPhoneSimulator.ActiveCfg = Debug|Any CPU
		{EA5BFB0F-472B-455B-90EF-0FCC7A5A169C}.Debug|iPhoneSimulator.Build.0 = Debug|Any CPU
		{EA5BFB0F-472B-455B-90EF-0FCC7A5A169C}.Debug|iPhoneSimulator.Deploy.0 = Debug|Any CPU
		{EA5BFB0F-472B-455B-90EF-0FCC7A5A169C}.Debug|x64.ActiveCfg = Debug|Any CPU
		{EA5BFB0F-472B-455B-90EF-0FCC7A5A169C}.Debug|x64.Build.0 = Debug|Any CPU
		{EA5BFB0F-472B-455B-90EF-0FCC7A5A169C}.Debug|x64.Deploy.0 = Debug|Any CPU
		{EA5BFB0F-472B-455B-90EF-0FCC7A5A169C}.Debug|x86.ActiveCfg = Debug|Any CPU
		{EA5BFB0F-472B-455B-90EF-0FCC7A5A169C}.Debug|x86.Build.0 = Debug|Any CPU
		{EA5BFB0F-472B-455B-90EF-0FCC7A5A169C}.Debug|x86.Deploy.0 = Debug|Any CPU
		{EA5BFB0F-472B-455B-90EF-0FCC7A5A169C}.Release|Any CPU.ActiveCfg = Release|Any CPU
		{EA5BFB0F-472B-455B-90EF-0FCC7A5A169C}.Release|Any CPU.Build.0 = Release|Any CPU
		{EA5BFB0F-472B-455B-90EF-0FCC7A5A169C}.Release|Any CPU.Deploy.0 = Release|Any CPU
		{EA5BFB0F-472B-455B-90EF-0FCC7A5A169C}.Release|ARM.ActiveCfg = Release|Any CPU
		{EA5BFB0F-472B-455B-90EF-0FCC7A5A169C}.Release|ARM.Build.0 = Release|Any CPU
		{EA5BFB0F-472B-455B-90EF-0FCC7A5A169C}.Release|ARM.Deploy.0 = Release|Any CPU
		{EA5BFB0F-472B-455B-90EF-0FCC7A5A169C}.Release|iPhone.ActiveCfg = Release|Any CPU
		{EA5BFB0F-472B-455B-90EF-0FCC7A5A169C}.Release|iPhone.Build.0 = Release|Any CPU
		{EA5BFB0F-472B-455B-90EF-0FCC7A5A169C}.Release|iPhone.Deploy.0 = Release|Any CPU
		{EA5BFB0F-472B-455B-90EF-0FCC7A5A169C}.Release|iPhoneSimulator.ActiveCfg = Release|Any CPU
		{EA5BFB0F-472B-455B-90EF-0FCC7A5A169C}.Release|iPhoneSimulator.Build.0 = Release|Any CPU
		{EA5BFB0F-472B-455B-90EF-0FCC7A5A169C}.Release|iPhoneSimulator.Deploy.0 = Release|Any CPU
		{EA5BFB0F-472B-455B-90EF-0FCC7A5A169C}.Release|x64.ActiveCfg = Release|Any CPU
		{EA5BFB0F-472B-455B-90EF-0FCC7A5A169C}.Release|x64.Build.0 = Release|Any CPU
		{EA5BFB0F-472B-455B-90EF-0FCC7A5A169C}.Release|x64.Deploy.0 = Release|Any CPU
		{EA5BFB0F-472B-455B-90EF-0FCC7A5A169C}.Release|x86.ActiveCfg = Release|Any CPU
		{EA5BFB0F-472B-455B-90EF-0FCC7A5A169C}.Release|x86.Build.0 = Release|Any CPU
		{EA5BFB0F-472B-455B-90EF-0FCC7A5A169C}.Release|x86.Deploy.0 = Release|Any CPU
		{24FDD71D-A118-4EF1-B1E7-CB8CA5C4B8EB}.Ad-Hoc|Any CPU.ActiveCfg = Release|Any CPU
		{24FDD71D-A118-4EF1-B1E7-CB8CA5C4B8EB}.Ad-Hoc|Any CPU.Build.0 = Release|Any CPU
		{24FDD71D-A118-4EF1-B1E7-CB8CA5C4B8EB}.Ad-Hoc|ARM.ActiveCfg = Release|Any CPU
		{24FDD71D-A118-4EF1-B1E7-CB8CA5C4B8EB}.Ad-Hoc|ARM.Build.0 = Release|Any CPU
		{24FDD71D-A118-4EF1-B1E7-CB8CA5C4B8EB}.Ad-Hoc|iPhone.ActiveCfg = Release|Any CPU
		{24FDD71D-A118-4EF1-B1E7-CB8CA5C4B8EB}.Ad-Hoc|iPhone.Build.0 = Release|Any CPU
		{24FDD71D-A118-4EF1-B1E7-CB8CA5C4B8EB}.Ad-Hoc|iPhoneSimulator.ActiveCfg = Release|Any CPU
		{24FDD71D-A118-4EF1-B1E7-CB8CA5C4B8EB}.Ad-Hoc|iPhoneSimulator.Build.0 = Release|Any CPU
		{24FDD71D-A118-4EF1-B1E7-CB8CA5C4B8EB}.Ad-Hoc|x64.ActiveCfg = Release|Any CPU
		{24FDD71D-A118-4EF1-B1E7-CB8CA5C4B8EB}.Ad-Hoc|x64.Build.0 = Release|Any CPU
		{24FDD71D-A118-4EF1-B1E7-CB8CA5C4B8EB}.Ad-Hoc|x86.ActiveCfg = Release|Any CPU
		{24FDD71D-A118-4EF1-B1E7-CB8CA5C4B8EB}.Ad-Hoc|x86.Build.0 = Release|Any CPU
		{24FDD71D-A118-4EF1-B1E7-CB8CA5C4B8EB}.AppStore|Any CPU.ActiveCfg = Release|Any CPU
		{24FDD71D-A118-4EF1-B1E7-CB8CA5C4B8EB}.AppStore|Any CPU.Build.0 = Release|Any CPU
		{24FDD71D-A118-4EF1-B1E7-CB8CA5C4B8EB}.AppStore|ARM.ActiveCfg = Release|Any CPU
		{24FDD71D-A118-4EF1-B1E7-CB8CA5C4B8EB}.AppStore|ARM.Build.0 = Release|Any CPU
		{24FDD71D-A118-4EF1-B1E7-CB8CA5C4B8EB}.AppStore|iPhone.ActiveCfg = Release|Any CPU
		{24FDD71D-A118-4EF1-B1E7-CB8CA5C4B8EB}.AppStore|iPhone.Build.0 = Release|Any CPU
		{24FDD71D-A118-4EF1-B1E7-CB8CA5C4B8EB}.AppStore|iPhoneSimulator.ActiveCfg = Release|Any CPU
		{24FDD71D-A118-4EF1-B1E7-CB8CA5C4B8EB}.AppStore|iPhoneSimulator.Build.0 = Release|Any CPU
		{24FDD71D-A118-4EF1-B1E7-CB8CA5C4B8EB}.AppStore|x64.ActiveCfg = Release|Any CPU
		{24FDD71D-A118-4EF1-B1E7-CB8CA5C4B8EB}.AppStore|x64.Build.0 = Release|Any CPU
		{24FDD71D-A118-4EF1-B1E7-CB8CA5C4B8EB}.AppStore|x86.ActiveCfg = Release|Any CPU
		{24FDD71D-A118-4EF1-B1E7-CB8CA5C4B8EB}.AppStore|x86.Build.0 = Release|Any CPU
		{24FDD71D-A118-4EF1-B1E7-CB8CA5C4B8EB}.Debug|Any CPU.ActiveCfg = Debug|Any CPU
		{24FDD71D-A118-4EF1-B1E7-CB8CA5C4B8EB}.Debug|Any CPU.Build.0 = Debug|Any CPU
		{24FDD71D-A118-4EF1-B1E7-CB8CA5C4B8EB}.Debug|ARM.ActiveCfg = Debug|Any CPU
		{24FDD71D-A118-4EF1-B1E7-CB8CA5C4B8EB}.Debug|ARM.Build.0 = Debug|Any CPU
		{24FDD71D-A118-4EF1-B1E7-CB8CA5C4B8EB}.Debug|iPhone.ActiveCfg = Debug|Any CPU
		{24FDD71D-A118-4EF1-B1E7-CB8CA5C4B8EB}.Debug|iPhone.Build.0 = Debug|Any CPU
		{24FDD71D-A118-4EF1-B1E7-CB8CA5C4B8EB}.Debug|iPhoneSimulator.ActiveCfg = Debug|Any CPU
		{24FDD71D-A118-4EF1-B1E7-CB8CA5C4B8EB}.Debug|iPhoneSimulator.Build.0 = Debug|Any CPU
		{24FDD71D-A118-4EF1-B1E7-CB8CA5C4B8EB}.Debug|x64.ActiveCfg = Debug|Any CPU
		{24FDD71D-A118-4EF1-B1E7-CB8CA5C4B8EB}.Debug|x64.Build.0 = Debug|Any CPU
		{24FDD71D-A118-4EF1-B1E7-CB8CA5C4B8EB}.Debug|x86.ActiveCfg = Debug|Any CPU
		{24FDD71D-A118-4EF1-B1E7-CB8CA5C4B8EB}.Debug|x86.Build.0 = Debug|Any CPU
		{24FDD71D-A118-4EF1-B1E7-CB8CA5C4B8EB}.Release|Any CPU.ActiveCfg = Release|Any CPU
		{24FDD71D-A118-4EF1-B1E7-CB8CA5C4B8EB}.Release|Any CPU.Build.0 = Release|Any CPU
		{24FDD71D-A118-4EF1-B1E7-CB8CA5C4B8EB}.Release|ARM.ActiveCfg = Release|Any CPU
		{24FDD71D-A118-4EF1-B1E7-CB8CA5C4B8EB}.Release|ARM.Build.0 = Release|Any CPU
		{24FDD71D-A118-4EF1-B1E7-CB8CA5C4B8EB}.Release|iPhone.ActiveCfg = Release|Any CPU
		{24FDD71D-A118-4EF1-B1E7-CB8CA5C4B8EB}.Release|iPhone.Build.0 = Release|Any CPU
		{24FDD71D-A118-4EF1-B1E7-CB8CA5C4B8EB}.Release|iPhoneSimulator.ActiveCfg = Release|Any CPU
		{24FDD71D-A118-4EF1-B1E7-CB8CA5C4B8EB}.Release|iPhoneSimulator.Build.0 = Release|Any CPU
		{24FDD71D-A118-4EF1-B1E7-CB8CA5C4B8EB}.Release|x64.ActiveCfg = Release|Any CPU
		{24FDD71D-A118-4EF1-B1E7-CB8CA5C4B8EB}.Release|x64.Build.0 = Release|Any CPU
		{24FDD71D-A118-4EF1-B1E7-CB8CA5C4B8EB}.Release|x86.ActiveCfg = Release|Any CPU
		{24FDD71D-A118-4EF1-B1E7-CB8CA5C4B8EB}.Release|x86.Build.0 = Release|Any CPU
		{3F61C858-A32A-4C05-AFEA-824808A212AA}.Ad-Hoc|Any CPU.ActiveCfg = Release|x86
		{3F61C858-A32A-4C05-AFEA-824808A212AA}.Ad-Hoc|Any CPU.Build.0 = Release|x86
		{3F61C858-A32A-4C05-AFEA-824808A212AA}.Ad-Hoc|Any CPU.Deploy.0 = Release|x86
		{3F61C858-A32A-4C05-AFEA-824808A212AA}.Ad-Hoc|ARM.ActiveCfg = Release|ARM
		{3F61C858-A32A-4C05-AFEA-824808A212AA}.Ad-Hoc|ARM.Build.0 = Release|ARM
		{3F61C858-A32A-4C05-AFEA-824808A212AA}.Ad-Hoc|ARM.Deploy.0 = Release|ARM
		{3F61C858-A32A-4C05-AFEA-824808A212AA}.Ad-Hoc|iPhone.ActiveCfg = Release|x86
		{3F61C858-A32A-4C05-AFEA-824808A212AA}.Ad-Hoc|iPhone.Build.0 = Release|x86
		{3F61C858-A32A-4C05-AFEA-824808A212AA}.Ad-Hoc|iPhone.Deploy.0 = Release|x86
		{3F61C858-A32A-4C05-AFEA-824808A212AA}.Ad-Hoc|iPhoneSimulator.ActiveCfg = Release|x86
		{3F61C858-A32A-4C05-AFEA-824808A212AA}.Ad-Hoc|iPhoneSimulator.Build.0 = Release|x86
		{3F61C858-A32A-4C05-AFEA-824808A212AA}.Ad-Hoc|iPhoneSimulator.Deploy.0 = Release|x86
		{3F61C858-A32A-4C05-AFEA-824808A212AA}.Ad-Hoc|x64.ActiveCfg = Release|x64
		{3F61C858-A32A-4C05-AFEA-824808A212AA}.Ad-Hoc|x64.Build.0 = Release|x64
		{3F61C858-A32A-4C05-AFEA-824808A212AA}.Ad-Hoc|x64.Deploy.0 = Release|x64
		{3F61C858-A32A-4C05-AFEA-824808A212AA}.Ad-Hoc|x86.ActiveCfg = Release|x86
		{3F61C858-A32A-4C05-AFEA-824808A212AA}.Ad-Hoc|x86.Build.0 = Release|x86
		{3F61C858-A32A-4C05-AFEA-824808A212AA}.Ad-Hoc|x86.Deploy.0 = Release|x86
		{3F61C858-A32A-4C05-AFEA-824808A212AA}.AppStore|Any CPU.ActiveCfg = Release|x86
		{3F61C858-A32A-4C05-AFEA-824808A212AA}.AppStore|Any CPU.Build.0 = Release|x86
		{3F61C858-A32A-4C05-AFEA-824808A212AA}.AppStore|Any CPU.Deploy.0 = Release|x86
		{3F61C858-A32A-4C05-AFEA-824808A212AA}.AppStore|ARM.ActiveCfg = Release|ARM
		{3F61C858-A32A-4C05-AFEA-824808A212AA}.AppStore|ARM.Build.0 = Release|ARM
		{3F61C858-A32A-4C05-AFEA-824808A212AA}.AppStore|ARM.Deploy.0 = Release|ARM
		{3F61C858-A32A-4C05-AFEA-824808A212AA}.AppStore|iPhone.ActiveCfg = Release|x86
		{3F61C858-A32A-4C05-AFEA-824808A212AA}.AppStore|iPhone.Build.0 = Release|x86
		{3F61C858-A32A-4C05-AFEA-824808A212AA}.AppStore|iPhone.Deploy.0 = Release|x86
		{3F61C858-A32A-4C05-AFEA-824808A212AA}.AppStore|iPhoneSimulator.ActiveCfg = Release|x86
		{3F61C858-A32A-4C05-AFEA-824808A212AA}.AppStore|iPhoneSimulator.Build.0 = Release|x86
		{3F61C858-A32A-4C05-AFEA-824808A212AA}.AppStore|iPhoneSimulator.Deploy.0 = Release|x86
		{3F61C858-A32A-4C05-AFEA-824808A212AA}.AppStore|x64.ActiveCfg = Release|x64
		{3F61C858-A32A-4C05-AFEA-824808A212AA}.AppStore|x64.Build.0 = Release|x64
		{3F61C858-A32A-4C05-AFEA-824808A212AA}.AppStore|x64.Deploy.0 = Release|x64
		{3F61C858-A32A-4C05-AFEA-824808A212AA}.AppStore|x86.ActiveCfg = Release|x86
		{3F61C858-A32A-4C05-AFEA-824808A212AA}.AppStore|x86.Build.0 = Release|x86
		{3F61C858-A32A-4C05-AFEA-824808A212AA}.AppStore|x86.Deploy.0 = Release|x86
		{3F61C858-A32A-4C05-AFEA-824808A212AA}.Debug|Any CPU.ActiveCfg = Debug|x86
		{3F61C858-A32A-4C05-AFEA-824808A212AA}.Debug|ARM.ActiveCfg = Debug|ARM
		{3F61C858-A32A-4C05-AFEA-824808A212AA}.Debug|ARM.Build.0 = Debug|ARM
		{3F61C858-A32A-4C05-AFEA-824808A212AA}.Debug|ARM.Deploy.0 = Debug|ARM
		{3F61C858-A32A-4C05-AFEA-824808A212AA}.Debug|iPhone.ActiveCfg = Debug|x86
		{3F61C858-A32A-4C05-AFEA-824808A212AA}.Debug|iPhoneSimulator.ActiveCfg = Debug|x86
		{3F61C858-A32A-4C05-AFEA-824808A212AA}.Debug|x64.ActiveCfg = Debug|x64
		{3F61C858-A32A-4C05-AFEA-824808A212AA}.Debug|x64.Build.0 = Debug|x64
		{3F61C858-A32A-4C05-AFEA-824808A212AA}.Debug|x64.Deploy.0 = Debug|x64
		{3F61C858-A32A-4C05-AFEA-824808A212AA}.Debug|x86.ActiveCfg = Debug|x86
		{3F61C858-A32A-4C05-AFEA-824808A212AA}.Debug|x86.Build.0 = Debug|x86
		{3F61C858-A32A-4C05-AFEA-824808A212AA}.Debug|x86.Deploy.0 = Debug|x86
		{3F61C858-A32A-4C05-AFEA-824808A212AA}.Release|Any CPU.ActiveCfg = Release|x86
		{3F61C858-A32A-4C05-AFEA-824808A212AA}.Release|ARM.ActiveCfg = Release|ARM
		{3F61C858-A32A-4C05-AFEA-824808A212AA}.Release|ARM.Build.0 = Release|ARM
		{3F61C858-A32A-4C05-AFEA-824808A212AA}.Release|ARM.Deploy.0 = Release|ARM
		{3F61C858-A32A-4C05-AFEA-824808A212AA}.Release|iPhone.ActiveCfg = Release|x86
		{3F61C858-A32A-4C05-AFEA-824808A212AA}.Release|iPhoneSimulator.ActiveCfg = Release|x86
		{3F61C858-A32A-4C05-AFEA-824808A212AA}.Release|x64.ActiveCfg = Release|x64
		{3F61C858-A32A-4C05-AFEA-824808A212AA}.Release|x64.Build.0 = Release|x64
		{3F61C858-A32A-4C05-AFEA-824808A212AA}.Release|x64.Deploy.0 = Release|x64
		{3F61C858-A32A-4C05-AFEA-824808A212AA}.Release|x86.ActiveCfg = Release|x86
		{3F61C858-A32A-4C05-AFEA-824808A212AA}.Release|x86.Build.0 = Release|x86
		{3F61C858-A32A-4C05-AFEA-824808A212AA}.Release|x86.Deploy.0 = Release|x86
		{6763A5F7-3A56-4389-A6C8-DB0F33E1E72E}.Ad-Hoc|Any CPU.ActiveCfg = Ad-Hoc|iPhone
		{6763A5F7-3A56-4389-A6C8-DB0F33E1E72E}.Ad-Hoc|ARM.ActiveCfg = Ad-Hoc|iPhone
		{6763A5F7-3A56-4389-A6C8-DB0F33E1E72E}.Ad-Hoc|iPhone.ActiveCfg = Ad-Hoc|iPhone
		{6763A5F7-3A56-4389-A6C8-DB0F33E1E72E}.Ad-Hoc|iPhone.Build.0 = Ad-Hoc|iPhone
		{6763A5F7-3A56-4389-A6C8-DB0F33E1E72E}.Ad-Hoc|iPhoneSimulator.ActiveCfg = Ad-Hoc|iPhoneSimulator
		{6763A5F7-3A56-4389-A6C8-DB0F33E1E72E}.Ad-Hoc|iPhoneSimulator.Build.0 = Ad-Hoc|iPhoneSimulator
		{6763A5F7-3A56-4389-A6C8-DB0F33E1E72E}.Ad-Hoc|x64.ActiveCfg = Ad-Hoc|iPhone
		{6763A5F7-3A56-4389-A6C8-DB0F33E1E72E}.Ad-Hoc|x86.ActiveCfg = Ad-Hoc|iPhone
		{6763A5F7-3A56-4389-A6C8-DB0F33E1E72E}.AppStore|Any CPU.ActiveCfg = AppStore|iPhone
		{6763A5F7-3A56-4389-A6C8-DB0F33E1E72E}.AppStore|ARM.ActiveCfg = AppStore|iPhone
		{6763A5F7-3A56-4389-A6C8-DB0F33E1E72E}.AppStore|iPhone.ActiveCfg = AppStore|iPhone
		{6763A5F7-3A56-4389-A6C8-DB0F33E1E72E}.AppStore|iPhone.Build.0 = AppStore|iPhone
		{6763A5F7-3A56-4389-A6C8-DB0F33E1E72E}.AppStore|iPhoneSimulator.ActiveCfg = AppStore|iPhoneSimulator
		{6763A5F7-3A56-4389-A6C8-DB0F33E1E72E}.AppStore|iPhoneSimulator.Build.0 = AppStore|iPhoneSimulator
		{6763A5F7-3A56-4389-A6C8-DB0F33E1E72E}.AppStore|x64.ActiveCfg = AppStore|iPhone
		{6763A5F7-3A56-4389-A6C8-DB0F33E1E72E}.AppStore|x86.ActiveCfg = AppStore|iPhone
		{6763A5F7-3A56-4389-A6C8-DB0F33E1E72E}.Debug|Any CPU.ActiveCfg = Debug|iPhone
		{6763A5F7-3A56-4389-A6C8-DB0F33E1E72E}.Debug|ARM.ActiveCfg = Debug|iPhone
		{6763A5F7-3A56-4389-A6C8-DB0F33E1E72E}.Debug|iPhone.ActiveCfg = Debug|iPhone
		{6763A5F7-3A56-4389-A6C8-DB0F33E1E72E}.Debug|iPhone.Build.0 = Debug|iPhone
		{6763A5F7-3A56-4389-A6C8-DB0F33E1E72E}.Debug|iPhoneSimulator.ActiveCfg = Debug|iPhoneSimulator
		{6763A5F7-3A56-4389-A6C8-DB0F33E1E72E}.Debug|iPhoneSimulator.Build.0 = Debug|iPhoneSimulator
		{6763A5F7-3A56-4389-A6C8-DB0F33E1E72E}.Debug|x64.ActiveCfg = Debug|iPhone
		{6763A5F7-3A56-4389-A6C8-DB0F33E1E72E}.Debug|x86.ActiveCfg = Debug|iPhone
		{6763A5F7-3A56-4389-A6C8-DB0F33E1E72E}.Release|Any CPU.ActiveCfg = Release|iPhone
		{6763A5F7-3A56-4389-A6C8-DB0F33E1E72E}.Release|ARM.ActiveCfg = Release|iPhone
		{6763A5F7-3A56-4389-A6C8-DB0F33E1E72E}.Release|iPhone.ActiveCfg = Release|iPhone
		{6763A5F7-3A56-4389-A6C8-DB0F33E1E72E}.Release|iPhone.Build.0 = Release|iPhone
		{6763A5F7-3A56-4389-A6C8-DB0F33E1E72E}.Release|iPhoneSimulator.ActiveCfg = Release|iPhoneSimulator
		{6763A5F7-3A56-4389-A6C8-DB0F33E1E72E}.Release|iPhoneSimulator.Build.0 = Release|iPhoneSimulator
		{6763A5F7-3A56-4389-A6C8-DB0F33E1E72E}.Release|x64.ActiveCfg = Release|iPhone
		{6763A5F7-3A56-4389-A6C8-DB0F33E1E72E}.Release|x86.ActiveCfg = Release|iPhone
	EndGlobalSection
	GlobalSection(SolutionProperties) = preSolution
		HideSolutionNode = FALSE
	EndGlobalSection
EndGlobal
